
Microsoft Visual Studio Solution File, Format Version 12.00
# Visual Studio 15
VisualStudioVersion = 15.0.27428.1
MinimumVisualStudioVersion = 10.0.40219.1
Project("{FAE04EC0-301F-11D3-BF4B-00C04F79EFBC}") = "質數問題", "Hackathon001\質數問題.csproj", "{E3B4DE47-B7FD-4488-A891-F13B3B0996CD}"
EndProject
Project("{FAE04EC0-301F-11D3-BF4B-00C04F79EFBC}") = "千元買百雞", "Hackathon002\千元買百雞.csproj", "{456E85E7-FDEA-46DB-8DF9-23FF2BFCA407}"
EndProject
Global
	GlobalSection(SolutionConfigurationPlatforms) = preSolution
		Debug|Any CPU = Debug|Any CPU
		Release|Any CPU = Release|Any CPU
	EndGlobalSection
	GlobalSection(ProjectConfigurationPlatforms) = postSolution
		{E3B4DE47-B7FD-4488-A891-F13B3B0996CD}.Debug|Any CPU.ActiveCfg = Debug|Any CPU
		{E3B4DE47-B7FD-4488-A891-F13B3B0996CD}.Debug|Any CPU.Build.0 = Debug|Any CPU
		{E3B4DE47-B7FD-4488-A891-F13B3B0996CD}.Release|Any CPU.ActiveCfg = Release|Any CPU
		{E3B4DE47-B7FD-4488-A891-F13B3B0996CD}.Release|Any CPU.Build.0 = Release|Any CPU
		{456E85E7-FDEA-46DB-8DF9-23FF2BFCA407}.Debug|Any CPU.ActiveCfg = Debug|Any CPU
		{456E85E7-FDEA-46DB-8DF9-23FF2BFCA407}.Debug|Any CPU.Build.0 = Debug|Any CPU
		{456E85E7-FDEA-46DB-8DF9-23FF2BFCA407}.Release|Any CPU.ActiveCfg = Release|Any CPU
		{456E85E7-FDEA-46DB-8DF9-23FF2BFCA407}.Release|Any CPU.Build.0 = Release|Any CPU
	EndGlobalSection
	GlobalSection(SolutionProperties) = preSolution
		HideSolutionNode = FALSE
	EndGlobalSection
	GlobalSection(ExtensibilityGlobals) = postSolution
		SolutionGuid = {CD8C3E64-69F2-4419-8BE7-1A5C094DF117}
	EndGlobalSection
EndGlobal
